
Microsoft Visual Studio Solution File, Format Version 12.00
# Visual Studio Version 17
VisualStudioVersion = 17.4.33110.190
MinimumVisualStudioVersion = 10.0.40219.1
Project("{FAE04EC0-301F-11D3-BF4B-00C04F79EFBC}") = "WebApiHomeTask", "WebApiHomeTask\WebApiHomeTask.csproj", "{4D024235-61B0-4372-BB94-EF78041E3288}"
EndProject
Global
	GlobalSection(SolutionConfigurationPlatforms) = preSolution
		Debug|Any CPU = Debug|Any CPU
		Release|Any CPU = Release|Any CPU
	EndGlobalSection
	GlobalSection(ProjectConfigurationPlatforms) = postSolution
		{4D024235-61B0-4372-BB94-EF78041E3288}.Debug|Any CPU.ActiveCfg = Debug|Any CPU
		{4D024235-61B0-4372-BB94-EF78041E3288}.Debug|Any CPU.Build.0 = Debug|Any CPU
		{4D024235-61B0-4372-BB94-EF78041E3288}.Release|Any CPU.ActiveCfg = Release|Any CPU
		{4D024235-61B0-4372-BB94-EF78041E3288}.Release|Any CPU.Build.0 = Release|Any CPU
	EndGlobalSection
	GlobalSection(SolutionProperties) = preSolution
		HideSolutionNode = FALSE
	EndGlobalSection
	GlobalSection(ExtensibilityGlobals) = postSolution
		SolutionGuid = {B10CCC80-24F6-442C-972D-A06438A54BC8}
	EndGlobalSection
EndGlobal
